PODS:
  - EasySwiftHook (2.0.0):
    - libffi-iOS (~> 3.3.1-iOS)
  - libffi-iOS (3.3.1-iOS)

DEPENDENCIES:
  - EasySwiftHook (from `../`)
  - libffi-iOS (from `../../libffi`)

EXTERNAL SOURCES:
  EasySwiftHook:
    :path: "../"
  libffi-iOS:
    :path: "../../libffi"

SPEC CHECKSUMS:
  EasySwiftHook: c5f3f1e7750656d6cd43c9cddb37910d31ddffbb
  libffi-iOS: 0cebab28a69ed51296643b41e8f246ee34e9933d

PODFILE CHECKSUM: ab7ab9e95a387042a8ac834ec8cbb69f9c8cc95e

COCOAPODS: 1.9.1
